// !$*UTF8*$!
{
	archiveVersion = 1;
	classes = {
	};
	objectVersion = 46;
	objects = {

/* Begin PBXBuildFile section */
		BF09C53119564561001FE5D5 /* ConcertCell.m in Sources */ = {isa = PBXBuildFile; fileRef = BF09C53019564561001FE5D5 /* ConcertCell.m */; };
		BF09C53319564CCB001FE5D5 /* ConcertCell.xib in Resources */ = {isa = PBXBuildFile; fileRef = BF09C53219564CCB001FE5D5 /* ConcertCell.xib */; };
		BF09C536195746B4001FE5D5 /* Restaurant.m in Sources */ = {isa = PBXBuildFile; fileRef = BF09C535195746B4001FE5D5 /* Restaurant.m */; };
		BF09C539195746DD001FE5D5 /* Concert.m in Sources */ = {isa = PBXBuildFile; fileRef = BF09C538195746DD001FE5D5 /* Concert.m */; };
		BF09C54219586943001FE5D5 /* ConcertCallout.m in Sources */ = {isa = PBXBuildFile; fileRef = BF09C54019586943001FE5D5 /* ConcertCallout.m */; };
		BF09C54319586943001FE5D5 /* ConcertCallout.xib in Resources */ = {isa = PBXBuildFile; fileRef = BF09C54119586943001FE5D5 /* ConcertCallout.xib */; };
		BF15FB65195DA767008A1631 /* RestaurantCallout.m in Sources */ = {isa = PBXBuildFile; fileRef = BF15FB63195DA767008A1631 /* RestaurantCallout.m */; };
		BF15FB66195DA767008A1631 /* RestaurantCallout.xib in Resources */ = {isa = PBXBuildFile; fileRef = BF15FB64195DA767008A1631 /* RestaurantCallout.xib */; };
		BFA646B119563699002EFDDF /* UIKit.framework in Frameworks */ = {isa = PBXBuildFile; fileRef = BFA646B019563699002EFDDF /* UIKit.framework */; };
		BFA646B319563699002EFDDF /* Foundation.framework in Frameworks */ = {isa = PBXBuildFile; fileRef = BFA646B219563699002EFDDF /* Foundation.framework */; };
		BFA646B519563699002EFDDF /* CoreGraphics.framework in Frameworks */ = {isa = PBXBuildFile; fileRef = BFA646B419563699002EFDDF /* CoreGraphics.framework */; };
		BFA646BB19563699002EFDDF /* InfoPlist.strings in Resources */ = {isa = PBXBuildFile; fileRef = BFA646B919563699002EFDDF /* InfoPlist.strings */; };
		BFA646BD19563699002EFDDF /* main.m in Sources */ = {isa = PBXBuildFile; fileRef = BFA646BC19563699002EFDDF /* main.m */; };
		BFA646C11956369A002EFDDF /* FinalProjectAppDelegate.m in Sources */ = {isa = PBXBuildFile; fileRef = BFA646C01956369A002EFDDF /* FinalProjectAppDelegate.m */; };
		BFA646C31956369A002EFDDF /* Default.png in Resources */ = {isa = PBXBuildFile; fileRef = BFA646C21956369A002EFDDF /* Default.png */; };
		BFA646C51956369A002EFDDF /* Default@2x.png in Resources */ = {isa = PBXBuildFile; fileRef = BFA646C41956369A002EFDDF /* Default@2x.png */; };
		BFA646C71956369A002EFDDF /* Default-568h@2x.png in Resources */ = {isa = PBXBuildFile; fileRef = BFA646C61956369A002EFDDF /* Default-568h@2x.png */; };
		BFA646CA1956369A002EFDDF /* FinalProjectViewController.m in Sources */ = {isa = PBXBuildFile; fileRef = BFA646C91956369A002EFDDF /* FinalProjectViewController.m */; };
		BFA646CD1956369A002EFDDF /* FinalProjectViewController.xib in Resources */ = {isa = PBXBuildFile; fileRef = BFA646CB1956369A002EFDDF /* FinalProjectViewController.xib */; };
		BFA646D4195637D6002EFDDF /* CoreLocation.framework in Frameworks */ = {isa = PBXBuildFile; fileRef = BFA646D3195637D6002EFDDF /* CoreLocation.framework */; };
		BFA646D6195637DD002EFDDF /* MapKit.framework in Frameworks */ = {isa = PBXBuildFile; fileRef = BFA646D5195637DD002EFDDF /* MapKit.framework */; };
		BFA646DD19563913002EFDDF /* restaurant.png in Resources */ = {isa = PBXBuildFile; fileRef = BFA646DB19563913002EFDDF /* restaurant.png */; };
		BFA646DE19563913002EFDDF /* club.png in Resources */ = {isa = PBXBuildFile; fileRef = BFA646DC19563913002EFDDF /* club.png */; };
/* End PBXBuildFile section */

/* Begin PBXFileReference section */
		BF09C52F19564561001FE5D5 /* ConcertCell.h */ = {isa = PBXFileReference; fileEncoding = 4; lastKnownFileType = sourcecode.c.h; path = ConcertCell.h; sourceTree = "<group>"; };
		BF09C53019564561001FE5D5 /* ConcertCell.m */ = {isa = PBXFileReference; fileEncoding = 4; lastKnownFileType = sourcecode.c.objc; path = ConcertCell.m; sourceTree = "<group>"; };
		BF09C53219564CCB001FE5D5 /* ConcertCell.xib */ = {isa = PBXFileReference; fileEncoding = 4; lastKnownFileType = file.xib; path = ConcertCell.xib; sourceTree = "<group>"; };
		BF09C534195746B4001FE5D5 /* Restaurant.h */ = {isa = PBXFileReference; fileEncoding = 4; lastKnownFileType = sourcecode.c.h; path = Restaurant.h; sourceTree = "<group>"; };
		BF09C535195746B4001FE5D5 /* Restaurant.m */ = {isa = PBXFileReference; fileEncoding = 4; lastKnownFileType = sourcecode.c.objc; path = Restaurant.m; sourceTree = "<group>"; };
		BF09C537195746DD001FE5D5 /* Concert.h */ = {isa = PBXFileReference; fileEncoding = 4; lastKnownFileType = sourcecode.c.h; path = Concert.h; sourceTree = "<group>"; };
		BF09C538195746DD001FE5D5 /* Concert.m */ = {isa = PBXFileReference; fileEncoding = 4; lastKnownFileType = sourcecode.c.objc; path = Concert.m; sourceTree = "<group>"; };
		BF09C53F19586943001FE5D5 /* ConcertCallout.h */ = {isa = PBXFileReference; fileEncoding = 4; lastKnownFileType = sourcecode.c.h; path = ConcertCallout.h; sourceTree = "<group>"; };
		BF09C54019586943001FE5D5 /* ConcertCallout.m */ = {isa = PBXFileReference; fileEncoding = 4; lastKnownFileType = sourcecode.c.objc; path = ConcertCallout.m; sourceTree = "<group>"; };
		BF09C54119586943001FE5D5 /* ConcertCallout.xib */ = {isa = PBXFileReference; fileEncoding = 4; lastKnownFileType = file.xib; path = ConcertCallout.xib; sourceTree = "<group>"; };
		BF15FB62195DA767008A1631 /* RestaurantCallout.h */ = {isa = PBXFileReference; fileEncoding = 4; lastKnownFileType = sourcecode.c.h; path = RestaurantCallout.h; sourceTree = "<group>"; };
		BF15FB63195DA767008A1631 /* RestaurantCallout.m */ = {isa = PBXFileReference; fileEncoding = 4; lastKnownFileType = sourcecode.c.objc; path = RestaurantCallout.m; sourceTree = "<group>"; };
		BF15FB64195DA767008A1631 /* RestaurantCallout.xib */ = {isa = PBXFileReference; fileEncoding = 4; lastKnownFileType = file.xib; path = RestaurantCallout.xib; sourceTree = "<group>"; };
		BFA646AD19563699002EFDDF /* Bailey_FinalProject.app */ = {isa = PBXFileReference; explicitFileType = wrapper.application; includeInIndex = 0; path = Bailey_FinalProject.app; sourceTree = BUILT_PRODUCTS_DIR; };
		BFA646B019563699002EFDDF /* UIKit.framework */ = {isa = PBXFileReference; lastKnownFileType = wrapper.framework; name = UIKit.framework; path = System/Library/Frameworks/UIKit.framework; sourceTree = SDKROOT; };
		BFA646B219563699002EFDDF /* Foundation.framework */ = {isa = PBXFileReference; lastKnownFileType = wrapper.framework; name = Foundation.framework; path = System/Library/Frameworks/Foundation.framework; sourceTree = SDKROOT; };
		BFA646B419563699002EFDDF /* CoreGraphics.framework */ = {isa = PBXFileReference; lastKnownFileType = wrapper.framework; name = CoreGraphics.framework; path = System/Library/Frameworks/CoreGraphics.framework; sourceTree = SDKROOT; };
		BFA646B819563699002EFDDF /* Bailey_FinalProject-Info.plist */ = {isa = PBXFileReference; lastKnownFileType = text.plist.xml; path = "Bailey_FinalProject-Info.plist"; sourceTree = "<group>"; };
		BFA646BA19563699002EFDDF /* en */ = {isa = PBXFileReference; lastKnownFileType = text.plist.strings; name = en; path = en.lproj/InfoPlist.strings; sourceTree = "<group>"; };
		BFA646BC19563699002EFDDF /* main.m */ = {isa = PBXFileReference; lastKnownFileType = sourcecode.c.objc; path = main.m; sourceTree = "<group>"; };
		BFA646BE1956369A002EFDDF /* Bailey_FinalProject-Prefix.pch */ = {isa = PBXFileReference; lastKnownFileType = sourcecode.c.h; path = "Bailey_FinalProject-Prefix.pch"; sourceTree = "<group>"; };
		BFA646BF1956369A002EFDDF /* FinalProjectAppDelegate.h */ = {isa = PBXFileReference; lastKnownFileType = sourcecode.c.h; path = FinalProjectAppDelegate.h; sourceTree = "<group>"; };
		BFA646C01956369A002EFDDF /* FinalProjectAppDelegate.m */ = {isa = PBXFileReference; lastKnownFileType = sourcecode.c.objc; path = FinalProjectAppDelegate.m; sourceTree = "<group>"; };
		BFA646C21956369A002EFDDF /* Default.png */ = {isa = PBXFileReference; lastKnownFileType = image.png; path = Default.png; sourceTree = "<group>"; };
		BFA646C41956369A002EFDDF /* Default@2x.png */ = {isa = PBXFileReference; lastKnownFileType = image.png; path = "Default@2x.png"; sourceTree = "<group>"; };
		BFA646C61956369A002EFDDF /* Default-568h@2x.png */ = {isa = PBXFileReference; lastKnownFileType = image.png; path = "Default-568h@2x.png"; sourceTree = "<group>"; };
		BFA646C81956369A002EFDDF /* FinalProjectViewController.h */ = {isa = PBXFileReference; lastKnownFileType = sourcecode.c.h; path = FinalProjectViewController.h; sourceTree = "<group>"; };
		BFA646C91956369A002EFDDF /* FinalProjectViewController.m */ = {isa = PBXFileReference; lastKnownFileType = sourcecode.c.objc; path = FinalProjectViewController.m; sourceTree = "<group>"; };
		BFA646CC1956369A002EFDDF /* en */ = {isa = PBXFileReference; lastKnownFileType = file.xib; name = en; path = en.lproj/FinalProjectViewController.xib; sourceTree = "<group>"; };
		BFA646D3195637D6002EFDDF /* CoreLocation.framework */ = {isa = PBXFileReference; lastKnownFileType = wrapper.framework; name = CoreLocation.framework; path = System/Library/Frameworks/CoreLocation.framework; sourceTree = SDKROOT; };
		BFA646D5195637DD002EFDDF /* MapKit.framework */ = {isa = PBXFileReference; lastKnownFileType = wrapper.framework; name = MapKit.framework; path = System/Library/Frameworks/MapKit.framework; sourceTree = SDKROOT; };
		BFA646DB19563913002EFDDF /* restaurant.png */ = {isa = PBXFileReference; lastKnownFileType = image.png; path = restaurant.png; sourceTree = "<group>"; };
		BFA646DC19563913002EFDDF /* club.png */ = {isa = PBXFileReference; lastKnownFileType = image.png; path = club.png; sourceTree = "<group>"; };
/* End PBXFileReference section */

/* Begin PBXFrameworksBuildPhase section */
		BFA646AA19563699002EFDDF /* Frameworks */ = {
			isa = PBXFrameworksBuildPhase;
			buildActionMask = 2147483647;
			files = (
				BFA646D6195637DD002EFDDF /* MapKit.framework in Frameworks */,
				BFA646D4195637D6002EFDDF /* CoreLocation.framework in Frameworks */,
				BFA646B119563699002EFDDF /* UIKit.framework in Frameworks */,
				BFA646B319563699002EFDDF /* Foundation.framework in Frameworks */,
				BFA646B519563699002EFDDF /* CoreGraphics.framework in Frameworks */,
			);
			runOnlyForDeploymentPostprocessing = 0;
		};
/* End PBXFrameworksBuildPhase section */

/* Begin PBXGroup section */
		BFA646A419563699002EFDDF = {
			isa = PBXGroup;
			children = (
				BFA646DA195638ED002EFDDF /* Images */,
				BFA646D919563882002EFDDF /* CustomCells */,
				BFA646D819563870002EFDDF /* Models */,
				BFA646D71956385E002EFDDF /* Callouts */,
				BFA646B619563699002EFDDF /* Bailey_FinalProject */,
				BFA646AF19563699002EFDDF /* Frameworks */,
				BFA646AE19563699002EFDDF /* Products */,
			);
			sourceTree = "<group>";
		};
		BFA646AE19563699002EFDDF /* Products */ = {
			isa = PBXGroup;
			children = (
				BFA646AD19563699002EFDDF /* Bailey_FinalProject.app */,
			);
			name = Products;
			sourceTree = "<group>";
		};
		BFA646AF19563699002EFDDF /* Frameworks */ = {
			isa = PBXGroup;
			children = (
				BFA646D5195637DD002EFDDF /* MapKit.framework */,
				BFA646D3195637D6002EFDDF /* CoreLocation.framework */,
				BFA646B019563699002EFDDF /* UIKit.framework */,
				BFA646B219563699002EFDDF /* Foundation.framework */,
				BFA646B419563699002EFDDF /* CoreGraphics.framework */,
			);
			name = Frameworks;
			sourceTree = "<group>";
		};
		BFA646B619563699002EFDDF /* Bailey_FinalProject */ = {
			isa = PBXGroup;
			children = (
				BFA646BF1956369A002EFDDF /* FinalProjectAppDelegate.h */,
				BFA646C01956369A002EFDDF /* FinalProjectAppDelegate.m */,
				BFA646C81956369A002EFDDF /* FinalProjectViewController.h */,
				BFA646C91956369A002EFDDF /* FinalProjectViewController.m */,
				BFA646CB1956369A002EFDDF /* FinalProjectViewController.xib */,
				BFA646B719563699002EFDDF /* Supporting Files */,
			);
			path = Bailey_FinalProject;
			sourceTree = "<group>";
		};
		BFA646B719563699002EFDDF /* Supporting Files */ = {
			isa = PBXGroup;
			children = (
				BFA646B819563699002EFDDF /* Bailey_FinalProject-Info.plist */,
				BFA646B919563699002EFDDF /* InfoPlist.strings */,
				BFA646BC19563699002EFDDF /* main.m */,
				BFA646BE1956369A002EFDDF /* Bailey_FinalProject-Prefix.pch */,
				BFA646C21956369A002EFDDF /* Default.png */,
				BFA646C41956369A002EFDDF /* Default@2x.png */,
				BFA646C61956369A002EFDDF /* Default-568h@2x.png */,
			);
			name = "Supporting Files";
			sourceTree = "<group>";
		};
		BFA646D71956385E002EFDDF /* Callouts */ = {
			isa = PBXGroup;
			children = (
				BF09C53F19586943001FE5D5 /* ConcertCallout.h */,
				BF09C54019586943001FE5D5 /* ConcertCallout.m */,
				BF09C54119586943001FE5D5 /* ConcertCallout.xib */,
				BF15FB62195DA767008A1631 /* RestaurantCallout.h */,
				BF15FB63195DA767008A1631 /* RestaurantCallout.m */,
				BF15FB64195DA767008A1631 /* RestaurantCallout.xib */,
			);
			name = Callouts;
			sourceTree = "<group>";
		};
		BFA646D819563870002EFDDF /* Models */ = {
			isa = PBXGroup;
			children = (
				BF09C534195746B4001FE5D5 /* Restaurant.h */,
				BF09C535195746B4001FE5D5 /* Restaurant.m */,
				BF09C537195746DD001FE5D5 /* Concert.h */,
				BF09C538195746DD001FE5D5 /* Concert.m */,
			);
			name = Models;
			sourceTree = "<group>";
		};
		BFA646D919563882002EFDDF /* CustomCells */ = {
			isa = PBXGroup;
			children = (
				BF09C52F19564561001FE5D5 /* ConcertCell.h */,
				BF09C53019564561001FE5D5 /* ConcertCell.m */,
				BF09C53219564CCB001FE5D5 /* ConcertCell.xib */,
			);
			name = CustomCells;
			sourceTree = "<group>";
		};
		BFA646DA195638ED002EFDDF /* Images */ = {
			isa = PBXGroup;
			children = (
				BFA646DB19563913002EFDDF /* restaurant.png */,
				BFA646DC19563913002EFDDF /* club.png */,
			);
			name = Images;
			sourceTree = "<group>";
		};
/* End PBXGroup section */

/* Begin PBXNativeTarget section */
		BFA646AC19563699002EFDDF /* Bailey_FinalProject */ = {
			isa = PBXNativeTarget;
			buildConfigurationList = BFA646D01956369A002EFDDF /* Build configuration list for PBXNativeTarget "Bailey_FinalProject" */;
			buildPhases = (
				BFA646A919563699002EFDDF /* Sources */,
				BFA646AA19563699002EFDDF /* Frameworks */,
				BFA646AB19563699002EFDDF /* Resources */,
			);
			buildRules = (
			);
			dependencies = (
			);
			name = Bailey_FinalProject;
			productName = Bailey_FinalProject;
			productReference = BFA646AD19563699002EFDDF /* Bailey_FinalProject.app */;
			productType = "com.apple.product-type.application";
		};
/* End PBXNativeTarget section */

/* Begin PBXProject section */
		BFA646A519563699002EFDDF /* Project object */ = {
			isa = PBXProject;
			attributes = {
				CLASSPREFIX = FinalProject;
				LastUpgradeCheck = 0460;
				ORGANIZATIONNAME = "Andrew Bailey";
			};
			buildConfigurationList = BFA646A819563699002EFDDF /* Build configuration list for PBXProject "Bailey_FinalProject" */;
			compatibilityVersion = "Xcode 3.2";
			developmentRegion = English;
			hasScannedForEncodings = 0;
			knownRegions = (
				en,
			);
			mainGroup = BFA646A419563699002EFDDF;
			productRefGroup = BFA646AE19563699002EFDDF /* Products */;
			projectDirPath = "";
			projectRoot = "";
			targets = (
				BFA646AC19563699002EFDDF /* Bailey_FinalProject */,
			);
		};
/* End PBXProject section */

/* Begin PBXResourcesBuildPhase section */
		BFA646AB19563699002EFDDF /* Resources */ = {
			isa = PBXResourcesBuildPhase;
			buildActionMask = 2147483647;
			files = (
				BFA646BB19563699002EFDDF /* InfoPlist.strings in Resources */,
				BFA646C31956369A002EFDDF /* Default.png in Resources */,
				BFA646C51956369A002EFDDF /* Default@2x.png in Resources */,
				BFA646C71956369A002EFDDF /* Default-568h@2x.png in Resources */,
				BFA646CD1956369A002EFDDF /* FinalProjectViewController.xib in Resources */,
				BFA646DD19563913002EFDDF /* restaurant.png in Resources */,
				BFA646DE19563913002EFDDF /* club.png in Resources */,
				BF09C53319564CCB001FE5D5 /* ConcertCell.xib in Resources */,
				BF09C54319586943001FE5D5 /* ConcertCallout.xib in Resources */,
				BF15FB66195DA767008A1631 /* RestaurantCallout.xib in Resources */,
			);
			runOnlyForDeploymentPostprocessing = 0;
		};
/* End PBXResourcesBuildPhase section */

/* Begin PBXSourcesBuildPhase section */
		BFA646A919563699002EFDDF /* Sources */ = {
			isa = PBXSourcesBuildPhase;
			buildActionMask = 2147483647;
			files = (
				BFA646BD19563699002EFDDF /* main.m in Sources */,
				BFA646C11956369A002EFDDF /* FinalProjectAppDelegate.m in Sources */,
				BFA646CA1956369A002EFDDF /* FinalProjectViewController.m in Sources */,
				BF09C53119564561001FE5D5 /* ConcertCell.m in Sources */,
				BF09C536195746B4001FE5D5 /* Restaurant.m in Sources */,
				BF09C539195746DD001FE5D5 /* Concert.m in Sources */,
				BF09C54219586943001FE5D5 /* ConcertCallout.m in Sources */,
				BF15FB65195DA767008A1631 /* RestaurantCallout.m in Sources */,
			);
			runOnlyForDeploymentPostprocessing = 0;
		};
/* End PBXSourcesBuildPhase section */

/* Begin PBXVariantGroup section */
		BFA646B919563699002EFDDF /* InfoPlist.strings */ = {
			isa = PBXVariantGroup;
			children = (
				BFA646BA19563699002EFDDF /* en */,
			);
			name = InfoPlist.strings;
			sourceTree = "<group>";
		};
		BFA646CB1956369A002EFDDF /* FinalProjectViewController.xib */ = {
			isa = PBXVariantGroup;
			children = (
				BFA646CC1956369A002EFDDF /* en */,
			);
			name = FinalProjectViewController.xib;
			sourceTree = "<group>";
		};
/* End PBXVariantGroup section */

/* Begin XCBuildConfiguration section */
		BFA646CE1956369A002EFDDF /* Debug */ = {
			isa = XCBuildConfiguration;
			buildSettings = {
				ALWAYS_SEARCH_USER_PATHS = NO;
				CLANG_CXX_LANGUAGE_STANDARD = "gnu++0x";
				CLANG_CXX_LIBRARY = "libc++";
				CLANG_ENABLE_OBJC_ARC = YES;
				CLANG_WARN_CONSTANT_CONVERSION = YES;
				CLANG_WARN_EMPTY_BODY = YES;
				CLANG_WARN_ENUM_CONVERSION = YES;
				CLANG_WARN_INT_CONVERSION = YES;
				CLANG_WARN__DUPLICATE_METHOD_MATCH = YES;
				"CODE_SIGN_IDENTITY[sdk=iphoneos*]" = "iPhone Developer";
				COPY_PHASE_STRIP = NO;
				GCC_C_LANGUAGE_STANDARD = gnu99;
				GCC_DYNAMIC_NO_PIC = NO;
				GCC_OPTIMIZATION_LEVEL = 0;
				GCC_PREPROCESSOR_DEFINITIONS = (
					"DEBUG=1",
					"$(inherited)",
				);
				GCC_SYMBOLS_PRIVATE_EXTERN = NO;
				GCC_WARN_ABOUT_RETURN_TYPE = YES;
				GCC_WARN_UNINITIALIZED_AUTOS = YES;
				GCC_WARN_UNUSED_VARIABLE = YES;
				IPHONEOS_DEPLOYMENT_TARGET = 6.1;
				ONLY_ACTIVE_ARCH = YES;
				SDKROOT = iphoneos;
				TARGETED_DEVICE_FAMILY = 2;
			};
			name = Debug;
		};
		BFA646CF1956369A002EFDDF /* Release */ = {
			isa = XCBuildConfiguration;
			buildSettings = {
				ALWAYS_SEARCH_USER_PATHS = NO;
				CLANG_CXX_LANGUAGE_STANDARD = "gnu++0x";
				CLANG_CXX_LIBRARY = "libc++";
				CLANG_ENABLE_OBJC_ARC = YES;
				CLANG_WARN_CONSTANT_CONVERSION = YES;
				CLANG_WARN_EMPTY_BODY = YES;
				CLANG_WARN_ENUM_CONVERSION = YES;
				CLANG_WARN_INT_CONVERSION = YES;
				CLANG_WARN__DUPLICATE_METHOD_MATCH = YES;
				"CODE_SIGN_IDENTITY[sdk=iphoneos*]" = "iPhone Developer";
				COPY_PHASE_STRIP = YES;
				GCC_C_LANGUAGE_STANDARD = gnu99;
				GCC_WARN_ABOUT_RETURN_TYPE = YES;
				GCC_WARN_UNINITIALIZED_AUTOS = YES;
				GCC_WARN_UNUSED_VARIABLE = YES;
				IPHONEOS_DEPLOYMENT_TARGET = 6.1;
				OTHER_CFLAGS = "-DNS_BLOCK_ASSERTIONS=1";
				SDKROOT = iphoneos;
				TARGETED_DEVICE_FAMILY = 2;
				VALIDATE_PRODUCT = YES;
			};
			name = Release;
		};
		BFA646D11956369A002EFDDF /* Debug */ = {
			isa = XCBuildConfiguration;
			buildSettings = {
				GCC_PRECOMPILE_PREFIX_HEADER = YES;
				GCC_PREFIX_HEADER = "Bailey_FinalProject/Bailey_FinalProject-Prefix.pch";
				INFOPLIST_FILE = "Bailey_FinalProject/Bailey_FinalProject-Info.plist";
				PRODUCT_NAME = "$(TARGET_NAME)";
				WRAPPER_EXTENSION = app;
			};
			name = Debug;
		};
		BFA646D21956369A002EFDDF /* Release */ = {
			isa = XCBuildConfiguration;
			buildSettings = {
				GCC_PRECOMPILE_PREFIX_HEADER = YES;
				GCC_PREFIX_HEADER = "Bailey_FinalProject/Bailey_FinalProject-Prefix.pch";
				INFOPLIST_FILE = "Bailey_FinalProject/Bailey_FinalProject-Info.plist";
				PRODUCT_NAME = "$(TARGET_NAME)";
				WRAPPER_EXTENSION = app;
			};
			name = Release;
		};
/* End XCBuildConfiguration section */

/* Begin XCConfigurationList section */
		BFA646A819563699002EFDDF /* Build configuration list for PBXProject "Bailey_FinalProject" */ = {
			isa = XCConfigurationList;
			buildConfigurations = (
				BFA646CE1956369A002EFDDF /* Debug */,
				BFA646CF1956369A002EFDDF /* Release */,
			);
			defaultConfigurationIsVisible = 0;
			defaultConfigurationName = Release;
		};
		BFA646D01956369A002EFDDF /* Build configuration list for PBXNativeTarget "Bailey_FinalProject" */ = {
			isa = XCConfigurationList;
			buildConfigurations = (
				BFA646D11956369A002EFDDF /* Debug */,
				BFA646D21956369A002EFDDF /* Release */,
			);
			defaultConfigurationIsVisible = 0;
			defaultConfigurationName = Release;
		};
/* End XCConfigurationList section */
	};
	rootObject = BFA646A519563699002EFDDF /* Project object */;
}
